
Microsoft Visual Studio Solution File, Format Version 12.00
# Visual Studio 15
VisualStudioVersion = 15.0.28307.106
MinimumVisualStudioVersion = 10.0.40219.1
Project("{FAE04EC0-301F-11D3-BF4B-00C04F79EFBC}") = "Projet1", "Projet1\Projet1.csproj", "{535991BF-9078-4DE8-BFC5-207CB7BEEE0D}"
EndProject
Global
	GlobalSection(SolutionConfigurationPlatforms) = preSolution
		Debug|Any CPU = Debug|Any CPU
		Release|Any CPU = Release|Any CPU
	EndGlobalSection
	GlobalSection(ProjectConfigurationPlatforms) = postSolution
		{535991BF-9078-4DE8-BFC5-207CB7BEEE0D}.Debug|Any CPU.ActiveCfg = Debug|Any CPU
		{535991BF-9078-4DE8-BFC5-207CB7BEEE0D}.Debug|Any CPU.Build.0 = Debug|Any CPU
		{535991BF-9078-4DE8-BFC5-207CB7BEEE0D}.Release|Any CPU.ActiveCfg = Release|Any CPU
		{535991BF-9078-4DE8-BFC5-207CB7BEEE0D}.Release|Any CPU.Build.0 = Release|Any CPU
	EndGlobalSection
	GlobalSection(SolutionProperties) = preSolution
		HideSolutionNode = FALSE
	EndGlobalSection
	GlobalSection(ExtensibilityGlobals) = postSolution
		SolutionGuid = {69D4DF85-BDCB-4B69-937A-821F8D08C7BC}
	EndGlobalSection
EndGlobal
